// !$*UTF8*$!
{
	archiveVersion = 1;
	classes = {
	};
	objectVersion = 50;
	objects = {

/* Begin PBXBuildFile section */
		6E5B4FCE253F7E5E003831BB /* AppDelegate.swift in Sources */ = {isa = PBXBuildFile; fileRef = 6E5B4FCD253F7E5E003831BB /* AppDelegate.swift */; };
		6E5B4FD0253F7E5E003831BB /* SceneDelegate.swift in Sources */ = {isa = PBXBuildFile; fileRef = 6E5B4FCF253F7E5E003831BB /* SceneDelegate.swift */; };
		6E5B4FD2253F7E5E003831BB /* ViewController.swift in Sources */ = {isa = PBXBuildFile; fileRef = 6E5B4FD1253F7E5E003831BB /* ViewController.swift */; };
		6E5B4FD5253F7E5E003831BB /* Main.storyboard in Resources */ = {isa = PBXBuildFile; fileRef = 6E5B4FD3253F7E5E003831BB /* Main.storyboard */; };
		6E5B4FD7253F7E60003831BB /* Assets.xcassets in Resources */ = {isa = PBXBuildFile; fileRef = 6E5B4FD6253F7E60003831BB /* Assets.xcassets */; };
		6E5B4FDA253F7E60003831BB /* LaunchScreen.storyboard in Resources */ = {isa = PBXBuildFile; fileRef = 6E5B4FD8253F7E60003831BB /* LaunchScreen.storyboard */; };
/* End PBXBuildFile section */

/* Begin PBXFileReference section */
		6E5B4FCA253F7E5E003831BB /* GitHubTesting.app */ = {isa = PBXFileReference; explicitFileType = wrapper.application; includeInIndex = 0; path = GitHubTesting.app; sourceTree = BUILT_PRODUCTS_DIR; };
		6E5B4FCD253F7E5E003831BB /* AppDelegate.swift */ = {isa = PBXFileReference; lastKnownFileType = sourcecode.swift; path = AppDelegate.swift; sourceTree = "<group>"; };
		6E5B4FCF253F7E5E003831BB /* SceneDelegate.swift */ = {isa = PBXFileReference; lastKnownFileType = sourcecode.swift; path = SceneDelegate.swift; sourceTree = "<group>"; };
		6E5B4FD1253F7E5E003831BB /* ViewController.swift */ = {isa = PBXFileReference; lastKnownFileType = sourcecode.swift; path = ViewController.swift; sourceTree = "<group>"; };
		6E5B4FD4253F7E5E003831BB /* Base */ = {isa = PBXFileReference; lastKnownFileType = file.storyboard; name = Base; path = Base.lproj/Main.storyboard; sourceTree = "<group>"; };
		6E5B4FD6253F7E60003831BB /* Assets.xcassets */ = {isa = PBXFileReference; lastKnownFileType = folder.assetcatalog; path = Assets.xcassets; sourceTree = "<group>"; };
		6E5B4FD9253F7E60003831BB /* Base */ = {isa = PBXFileReference; lastKnownFileType = file.storyboard; name = Base; path = Base.lproj/LaunchScreen.storyboard; sourceTree = "<group>"; };
		6E5B4FDB253F7E60003831BB /* Info.plist */ = {isa = PBXFileReference; lastKnownFileType = text.plist.xml; path = Info.plist; sourceTree = "<group>"; };
/* End PBXFileReference section */

/* Begin PBXFrameworksBuildPhase section */
		6E5B4FC7253F7E5E003831BB /* Frameworks */ = {
			isa = PBXFrameworksBuildPhase;
			buildActionMask = 2147483647;
			files = (
			);
			runOnlyForDeploymentPostprocessing = 0;
		};
/* End PBXFrameworksBuildPhase section */

/* Begin PBXGroup section */
		6E5B4FC1253F7E5E003831BB = {
			isa = PBXGroup;
			children = (
				6E5B4FCC253F7E5E003831BB /* GitHubTesting */,
				6E5B4FCB253F7E5E003831BB /* Products */,
			);
			sourceTree = "<group>";
		};
		6E5B4FCB253F7E5E003831BB /* Products */ = {
			isa = PBXGroup;
			children = (
				6E5B4FCA253F7E5E003831BB /* GitHubTesting.app */,
			);
			name = Products;
			sourceTree = "<group>";
		};
		6E5B4FCC253F7E5E003831BB /* GitHubTesting */ = {
			isa = PBXGroup;
			children = (
				6E5B4FCD253F7E5E003831BB /* AppDelegate.swift */,
				6E5B4FCF253F7E5E003831BB /* SceneDelegate.swift */,
				6E5B4FD1253F7E5E003831BB /* ViewController.swift */,
				6E5B4FD3253F7E5E003831BB /* Main.storyboard */,
				6E5B4FD6253F7E60003831BB /* Assets.xcassets */,
				6E5B4FD8253F7E60003831BB /* LaunchScreen.storyboard */,
				6E5B4FDB253F7E60003831BB /* Info.plist */,
			);
			path = GitHubTesting;
			sourceTree = "<group>";
		};
/* End PBXGroup section */

/* Begin PBXNativeTarget section */
		6E5B4FC9253F7E5E003831BB /* GitHubTesting */ = {
			isa = PBXNativeTarget;
			buildConfigurationList = 6E5B4FDE253F7E60003831BB /* Build configuration list for PBXNativeTarget "GitHubTesting" */;
			buildPhases = (
				6E5B4FC6253F7E5E003831BB /* Sources */,
				6E5B4FC7253F7E5E003831BB /* Frameworks */,
				6E5B4FC8253F7E5E003831BB /* Resources */,
			);
			buildRules = (
			);
			dependencies = (
			);
			name = GitHubTesting;
			productName = GitHubTesting;
			productReference = 6E5B4FCA253F7E5E003831BB /* GitHubTesting.app */;
			productType = "com.apple.product-type.application";
		};
/* End PBXNativeTarget section */

/* Begin PBXProject section */
		6E5B4FC2253F7E5E003831BB /* Project object */ = {
			isa = PBXProject;
			attributes = {
				LastSwiftUpdateCheck = 1130;
				LastUpgradeCheck = 1130;
				ORGANIZATIONNAME = user173487;
				TargetAttributes = {
					6E5B4FC9253F7E5E003831BB = {
						CreatedOnToolsVersion = 11.3.1;
					};
				};
			};
			buildConfigurationList = 6E5B4FC5253F7E5E003831BB /* Build configuration list for PBXProject "GitHubTesting" */;
			compatibilityVersion = "Xcode 9.3";
			developmentRegion = en;
			hasScannedForEncodings = 0;
			knownRegions = (
				en,
				Base,
			);
			mainGroup = 6E5B4FC1253F7E5E003831BB;
			productRefGroup = 6E5B4FCB253F7E5E003831BB /* Products */;
			projectDirPath = "";
			projectRoot = "";
			targets = (
				6E5B4FC9253F7E5E003831BB /* GitHubTesting */,
			);
		};
/* End PBXProject section */

/* Begin PBXResourcesBuildPhase section */
		6E5B4FC8253F7E5E003831BB /* Resources */ = {
			isa = PBXResourcesBuildPhase;
			buildActionMask = 2147483647;
			files = (
				6E5B4FDA253F7E60003831BB /* LaunchScreen.storyboard in Resources */,
				6E5B4FD7253F7E60003831BB /* Assets.xcassets in Resources */,
				6E5B4FD5253F7E5E003831BB /* Main.storyboard in Resources */,
			);
			runOnlyForDeploymentPostprocessing = 0;
		};
/* End PBXResourcesBuildPhase section */

/* Begin PBXSourcesBuildPhase section */
		6E5B4FC6253F7E5E003831BB /* Sources */ = {
			isa = PBXSourcesBuildPhase;
			buildActionMask = 2147483647;
			files = (
				6E5B4FD2253F7E5E003831BB /* ViewController.swift in Sources */,
				6E5B4FCE253F7E5E003831BB /* AppDelegate.swift in Sources */,
				6E5B4FD0253F7E5E003831BB /* SceneDelegate.swift in Sources */,
			);
			runOnlyForDeploymentPostprocessing = 0;
		};
/* End PBXSourcesBuildPhase section */

/* Begin PBXVariantGroup section */
		6E5B4FD3253F7E5E003831BB /* Main.storyboard */ = {
			isa = PBXVariantGroup;
			children = (
				6E5B4FD4253F7E5E003831BB /* Base */,
			);
			name = Main.storyboard;
			sourceTree = "<group>";
		};
		6E5B4FD8253F7E60003831BB /* LaunchScreen.storyboard */ = {
			isa = PBXVariantGroup;
			children = (
				6E5B4FD9253F7E60003831BB /* Base */,
			);
			name = LaunchScreen.storyboard;
			sourceTree = "<group>";
		};
/* End PBXVariantGroup section */

/* Begin XCBuildConfiguration section */
		6E5B4FDC253F7E60003831BB /* Debug */ = {
			isa = XCBuildConfiguration;
			buildSettings = {
				ALWAYS_SEARCH_USER_PATHS = NO;
				CLANG_ANALYZER_NONNULL = YES;
				CLANG_ANALYZER_NUMBER_OBJECT_CONVERSION = YES_AGGRESSIVE;
				CLANG_CXX_LANGUAGE_STANDARD = "gnu++14";
				CLANG_CXX_LIBRARY = "libc++";
				CLANG_ENABLE_MODULES = YES;
				CLANG_ENABLE_OBJC_ARC = YES;
				CLANG_ENABLE_OBJC_WEAK = YES;
				CLANG_WARN_BLOCK_CAPTURE_AUTORELEASING = YES;
				CLANG_WARN_BOOL_CONVERSION = YES;
				CLANG_WARN_COMMA = YES;
				CLANG_WARN_CONSTANT_CONVERSION = YES;
				CLANG_WARN_DEPRECATED_OBJC_IMPLEMENTATIONS = YES;
				CLANG_WARN_DIRECT_OBJC_ISA_USAGE = YES_ERROR;
				CLANG_WARN_DOCUMENTATION_COMMENTS = YES;
				CLANG_WARN_EMPTY_BODY = YES;
				CLANG_WARN_ENUM_CONVERSION = YES;
				CLANG_WARN_INFINITE_RECURSION = YES;
				CLANG_WARN_INT_CONVERSION = YES;
				CLANG_WARN_NON_LITERAL_NULL_CONVERSION = YES;
				CLANG_WARN_OBJC_IMPLICIT_RETAIN_SELF = YES;
				CLANG_WARN_OBJC_LITERAL_CONVERSION = YES;
				CLANG_WARN_OBJC_ROOT_CLASS = YES_ERROR;
				CLANG_WARN_RANGE_LOOP_ANALYSIS = YES;
				CLANG_WARN_STRICT_PROTOTYPES = YES;
				CLANG_WARN_SUSPICIOUS_MOVE = YES;
				CLANG_WARN_UNGUARDED_AVAILABILITY = YES_AGGRESSIVE;
				CLANG_WARN_UNREACHABLE_CODE = YES;
				CLANG_WARN__DUPLICATE_METHOD_MATCH = YES;
				COPY_PHASE_STRIP = NO;
				DEBUG_INFORMATION_FORMAT = dwarf;
				ENABLE_STRICT_OBJC_MSGSEND = YES;
				ENABLE_TESTABILITY = YES;
				GCC_C_LANGUAGE_STANDARD = gnu11;
				GCC_DYNAMIC_NO_PIC = NO;
				GCC_NO_COMMON_BLOCKS = YES;
				GCC_OPTIMIZATION_LEVEL = 0;
				GCC_PREPROCESSOR_DEFINITIONS = (
					"DEBUG=1",
					"$(inherited)",
				);
				GCC_WARN_64_TO_32_BIT_CONVERSION = YES;
				GCC_WARN_ABOUT_RETURN_TYPE = YES_ERROR;
				GCC_WARN_UNDECLARED_SELECTOR = YES;
				GCC_WARN_UNINITIALIZED_AUTOS = YES_AGGRESSIVE;
				GCC_WARN_UNUSED_FUNCTION = YES;
				GCC_WARN_UNUSED_VARIABLE = YES;
				IPHONEOS_DEPLOYMENT_TARGET = 13.2;
				MTL_ENABLE_DEBUG_INFO = INCLUDE_SOURCE;
				MTL_FAST_MATH = YES;
				ONLY_ACTIVE_ARCH = YES;
				SDKROOT = iphoneos;
				SWIFT_ACTIVE_COMPILATION_CONDITIONS = DEBUG;
				SWIFT_OPTIMIZATION_LEVEL = "-Onone";
			};
			name = Debug;
		};
		6E5B4FDD253F7E60003831BB /* Release */ = {
			isa = XCBuildConfiguration;
			buildSettings = {
				ALWAYS_SEARCH_USER_PATHS = NO;
				CLANG_ANALYZER_NONNULL = YES;
				CLANG_ANALYZER_NUMBER_OBJECT_CONVERSION = YES_AGGRESSIVE;
				CLANG_CXX_LANGUAGE_STANDARD = "gnu++14";
				CLANG_CXX_LIBRARY = "libc++";
				CLANG_ENABLE_MODULES = YES;
				CLANG_ENABLE_OBJC_ARC = YES;
				CLANG_ENABLE_OBJC_WEAK = YES;
				CLANG_WARN_BLOCK_CAPTURE_AUTORELEASING = YES;
				CLANG_WARN_BOOL_CONVERSION = YES;
				CLANG_WARN_COMMA = YES;
				CLANG_WARN_CONSTANT_CONVERSION = YES;
				CLANG_WARN_DEPRECATED_OBJC_IMPLEMENTATIONS = YES;
				CLANG_WARN_DIRECT_OBJC_ISA_USAGE = YES_ERROR;
				CLANG_WARN_DOCUMENTATION_COMMENTS = YES;
				CLANG_WARN_EMPTY_BODY = YES;
				CLANG_WARN_ENUM_CONVERSION = YES;
				CLANG_WARN_INFINITE_RECURSION = YES;
				CLANG_WARN_INT_CONVERSION = YES;
				CLANG_WARN_NON_LITERAL_NULL_CONVERSION = YES;
				CLANG_WARN_OBJC_IMPLICIT_RETAIN_SELF = YES;
				CLANG_WARN_OBJC_LITERAL_CONVERSION = YES;
				CLANG_WARN_OBJC_ROOT_CLASS = YES_ERROR;
				CLANG_WARN_RANGE_LOOP_ANALYSIS = YES;
				CLANG_WARN_STRICT_PROTOTYPES = YES;
				CLANG_WARN_SUSPICIOUS_MOVE = YES;
				CLANG_WARN_UNGUARDED_AVAILABILITY = YES_AGGRESSIVE;
				CLANG_WARN_UNREACHABLE_CODE = YES;
				CLANG_WARN__DUPLICATE_METHOD_MATCH = YES;
				COPY_PHASE_STRIP = NO;
				DEBUG_INFORMATION_FORMAT = "dwarf-with-dsym";
				ENABLE_NS_ASSERTIONS = NO;
				ENABLE_STRICT_OBJC_MSGSEND = YES;
				GCC_C_LANGUAGE_STANDARD = gnu11;
				GCC_NO_COMMON_BLOCKS = YES;
				GCC_WARN_64_TO_32_BIT_CONVERSION = YES;
				GCC_WARN_ABOUT_RETURN_TYPE = YES_ERROR;
				GCC_WARN_UNDECLARED_SELECTOR = YES;
				GCC_WARN_UNINITIALIZED_AUTOS = YES_AGGRESSIVE;
				GCC_WARN_UNUSED_FUNCTION = YES;
				GCC_WARN_UNUSED_VARIABLE = YES;
				IPHONEOS_DEPLOYMENT_TARGET = 13.2;
				MTL_ENABLE_DEBUG_INFO = NO;
				MTL_FAST_MATH = YES;
				SDKROOT = iphoneos;
				SWIFT_COMPILATION_MODE = wholemodule;
				SWIFT_OPTIMIZATION_LEVEL = "-O";
				VALIDATE_PRODUCT = YES;
			};
			name = Release;
		};
		6E5B4FDF253F7E60003831BB /* Debug */ = {
			isa = XCBuildConfiguration;
			buildSettings = {
				ASSETCATALOG_COMPILER_APPICON_NAME = AppIcon;
				CODE_SIGN_STYLE = Automatic;
				INFOPLIST_FILE = GitHubTesting/Info.plist;
				LD_RUNPATH_SEARCH_PATHS = (
					"$(inherited)",
					"@executable_path/Frameworks",
				);
				PRODUCT_BUNDLE_IDENTIFIER = org.d214.jhhs.624320.GitHubTesting;
				PRODUCT_NAME = "$(TARGET_NAME)";
				SWIFT_VERSION = 5.0;
				TARGETED_DEVICE_FAMILY = "1,2";
			};
			name = Debug;
		};
		6E5B4FE0253F7E60003831BB /* Release */ = {
			isa = XCBuildConfiguration;
			buildSettings = {
				ASSETCATALOG_COMPILER_APPICON_NAME = AppIcon;
				CODE_SIGN_STYLE = Automatic;
				INFOPLIST_FILE = GitHubTesting/Info.plist;
				LD_RUNPATH_SEARCH_PATHS = (
					"$(inherited)",
					"@executable_path/Frameworks",
				);
				PRODUCT_BUNDLE_IDENTIFIER = org.d214.jhhs.624320.GitHubTesting;
				PRODUCT_NAME = "$(TARGET_NAME)";
				SWIFT_VERSION = 5.0;
				TARGETED_DEVICE_FAMILY = "1,2";
			};
			name = Release;
		};
/* End XCBuildConfiguration section */

/* Begin XCConfigurationList section */
		6E5B4FC5253F7E5E003831BB /* Build configuration list for PBXProject "GitHubTesting" */ = {
			isa = XCConfigurationList;
			buildConfigurations = (
				6E5B4FDC253F7E60003831BB /* Debug */,
				6E5B4FDD253F7E60003831BB /* Release */,
			);
			defaultConfigurationIsVisible = 0;
			defaultConfigurationName = Release;
		};
		6E5B4FDE253F7E60003831BB /* Build configuration list for PBXNativeTarget "GitHubTesting" */ = {
			isa = XCConfigurationList;
			buildConfigurations = (
				6E5B4FDF253F7E60003831BB /* Debug */,
				6E5B4FE0253F7E60003831BB /* Release */,
			);
			defaultConfigurationIsVisible = 0;
			defaultConfigurationName = Release;
		};
/* End XCConfigurationList section */
	};
	rootObject = 6E5B4FC2253F7E5E003831BB /* Project object */;
}
